
Microsoft Visual Studio Solution File, Format Version 12.00
# Visual Studio 15
VisualStudioVersion = 15.0.28010.2003
MinimumVisualStudioVersion = 10.0.40219.1
Project("{9A19103F-16F7-4668-BE54-9A1E7A4F7556}") = "Week1_Lab1", "Week1_Lab1\Week1_Lab1.csproj", "{D6E27F96-492C-4CCC-B4CB-858661CC4F14}"
EndProject
Project("{9A19103F-16F7-4668-BE54-9A1E7A4F7556}") = "Week1_Lab2", "Week1_Lab2\Week1_Lab2.csproj", "{A004B63F-7F74-49CC-8BC5-03B5622B7841}"
EndProject
Project("{9A19103F-16F7-4668-BE54-9A1E7A4F7556}") = "Homework1_1", "Homework1\Homework1_1.csproj", "{87E107DE-4E78-494B-90F8-0E833F9983A7}"
EndProject
Project("{9A19103F-16F7-4668-BE54-9A1E7A4F7556}") = "Homework1_2", "Homework1_2\Homework1_2.csproj", "{5A256A53-CE18-4243-94C3-9207B80FBCAF}"
EndProject
Project("{9A19103F-16F7-4668-BE54-9A1E7A4F7556}") = "Week2_Lab1", "Week2_Lab1\Week2_Lab1.csproj", "{96539F96-929F-40EE-941C-DFE5A146718A}"
EndProject
Project("{9A19103F-16F7-4668-BE54-9A1E7A4F7556}") = "Week2_Lab2", "Week2_Lab2\Week2_Lab2.csproj", "{7568947C-C4FF-4A7E-B690-737150CA9B4A}"
EndProject
Project("{9A19103F-16F7-4668-BE54-9A1E7A4F7556}") = "Homework2_1", "Homework2_1\Homework2_1.csproj", "{C6F28493-F018-4FDD-9AE1-D6707D99C4B4}"
EndProject
Project("{9A19103F-16F7-4668-BE54-9A1E7A4F7556}") = "Homework2_2", "Homework2_2\Homework2_2.csproj", "{8BE3FA86-4A63-461E-88CC-7ECAE700EB2F}"
EndProject
Project("{FAE04EC0-301F-11D3-BF4B-00C04F79EFBC}") = "Week4_Lab1", "Week4_Lab1\Week4_Lab1.csproj", "{8D5FE78C-DBC4-489D-950A-17044BEB310D}"
EndProject
Project("{9A19103F-16F7-4668-BE54-9A1E7A4F7556}") = "Week4_Lab2", "Week4_Lab2\Week4_Lab2.csproj", "{3EA43691-0C37-422B-8B57-28ED832D7D28}"
EndProject
Project("{FAE04EC0-301F-11D3-BF4B-00C04F79EFBC}") = "Homework3_1", "Homework3_1\Homework3_1.csproj", "{B0C2BE0B-09AD-4DC1-A43F-75C6B7BE6119}"
EndProject
Project("{FAE04EC0-301F-11D3-BF4B-00C04F79EFBC}") = "Homework3_2", "Homework3_2\Homework3_2.csproj", "{1509E3B2-45BC-46FE-BCB1-4AA9A923B5CB}"
EndProject
Project("{FAE04EC0-301F-11D3-BF4B-00C04F79EFBC}") = "Week5_Lab1", "Week5_Lab1\Week5_Lab1.csproj", "{D41B1498-5E39-4289-8B43-051BD104F75C}"
EndProject
Project("{FAE04EC0-301F-11D3-BF4B-00C04F79EFBC}") = "Week5_Lab2", "Week5_Lab2\Week5_Lab2.csproj", "{E7B3BA23-7044-4068-BB80-985C043D0D09}"
EndProject
Project("{FAE04EC0-301F-11D3-BF4B-00C04F79EFBC}") = "Homework4_1", "Homework4_1\Homework4_1.csproj", "{43E7C3AF-C262-4D4F-81E2-23678B02D724}"
EndProject
Project("{FAE04EC0-301F-11D3-BF4B-00C04F79EFBC}") = "Homework4_2", "Homework4_2\Homework4_2.csproj", "{E460471E-5CB6-4DBF-89A7-982C5C54D537}"
EndProject
Project("{FAE04EC0-301F-11D3-BF4B-00C04F79EFBC}") = "Week6_Lab1", "Week6_Lab1\Week6_Lab1.csproj", "{E94CF882-FAFC-417D-BC07-44623B6198E9}"
EndProject
Project("{FAE04EC0-301F-11D3-BF4B-00C04F79EFBC}") = "Week6_Lab2", "Week6_Lab2\Week6_Lab2.csproj", "{0F908D7B-1903-4E40-A9BC-BD61AF163B41}"
EndProject
Project("{FAE04EC0-301F-11D3-BF4B-00C04F79EFBC}") = "Homework5_1", "Homework5_1\Homework5_1.csproj", "{606A256B-3DE2-4404-A5F6-C3F5DE89BEE7}"
EndProject
Project("{FAE04EC0-301F-11D3-BF4B-00C04F79EFBC}") = "Homework5_2", "Homework5_2\Homework5_2.csproj", "{2AD835C4-171C-4F9E-AF86-7E341E7A3F76}"
EndProject
Project("{FAE04EC0-301F-11D3-BF4B-00C04F79EFBC}") = "Homework5_3", "Homework5_3\Homework5_3.csproj", "{F2A7E1DE-F1D8-4859-95CD-7C2F9257D4EA}"
EndProject
Project("{FAE04EC0-301F-11D3-BF4B-00C04F79EFBC}") = "Week7_Lab1", "Week7_Lab1\Week7_Lab1.csproj", "{5F87352D-86D1-4F52-9978-8BA31DDE618E}"
EndProject
Project("{FAE04EC0-301F-11D3-BF4B-00C04F79EFBC}") = "Week7_Lab2", "Week7_Lab2\Week7_Lab2.csproj", "{2284E9EF-C6B5-4825-B74D-D5A8EA981E01}"
EndProject
Project("{FAE04EC0-301F-11D3-BF4B-00C04F79EFBC}") = "Homework6_1", "Homework6_1\Homework6_1.csproj", "{524A3C38-0D74-40E7-8756-53DA98A7E1AA}"
EndProject
Project("{FAE04EC0-301F-11D3-BF4B-00C04F79EFBC}") = "Test", "Test\Test.csproj", "{09D33867-3ACB-45F1-8629-9844E1CB67A9}"
EndProject
Project("{FAE04EC0-301F-11D3-BF4B-00C04F79EFBC}") = "Lecture6aLab", "Lecture6aLab\Lecture6aLab.csproj", "{A0D8379B-BD62-4AC8-A898-FD84E42FAF58}"
EndProject
Project("{FAE04EC0-301F-11D3-BF4B-00C04F79EFBC}") = "MidtermExtraCredit", "MidtermExtraCredit\MidtermExtraCredit.csproj", "{431E59B3-AA4C-4C78-A6DB-2913D581F4F7}"
EndProject
Project("{FAE04EC0-301F-11D3-BF4B-00C04F79EFBC}") = "Lecture7Lab1", "Lecture7Lab1\Lecture7Lab1.csproj", "{4C3DC6B1-0B37-4B71-B450-56953F0308FB}"
EndProject
Project("{FAE04EC0-301F-11D3-BF4B-00C04F79EFBC}") = "Lecture7Lab2", "Lecture7Lab2\Lecture7Lab2.csproj", "{556BB73E-5EB1-4807-806E-0EE82D4A17F3}"
EndProject
Project("{FAE04EC0-301F-11D3-BF4B-00C04F79EFBC}") = "Homework7_1", "Homework7_1\Homework7_1.csproj", "{D0A07C02-2AAB-4129-B336-662F16C97154}"
EndProject
Project("{FAE04EC0-301F-11D3-BF4B-00C04F79EFBC}") = "Homework7_2", "Homework7_2\Homework7_2.csproj", "{EA5E6C3D-0408-4E45-BFE9-A01620D4B4FF}"
EndProject
Project("{FAE04EC0-301F-11D3-BF4B-00C04F79EFBC}") = "FinalProject", "FinalProject\FinalProject.csproj", "{7879F6F9-C4F0-46B4-8840-A52FB1AC7123}"
EndProject
Project("{FAE04EC0-301F-11D3-BF4B-00C04F79EFBC}") = "Lecture8Lab1", "Lecture8Lab1\Lecture8Lab1.csproj", "{2ED4844C-FE8A-4D53-90D5-F1B5F6ABF76E}"
EndProject
Project("{FAE04EC0-301F-11D3-BF4B-00C04F79EFBC}") = "Lecture8Lab2", "Lecture8Lab2\Lecture8Lab2.csproj", "{0C63DE50-C5E4-4B87-96CB-2E203BED253A}"
EndProject
Project("{FAE04EC0-301F-11D3-BF4B-00C04F79EFBC}") = "Homework8", "Homework8\Homework8.csproj", "{98E4E5BC-C1E9-426E-B10A-CB18D13FD82C}"
EndProject
Project("{FAE04EC0-301F-11D3-BF4B-00C04F79EFBC}") = "Lecture9_Sorting_Algoritms", "Lecture9_Sorting_Algoritms\Lecture9_Sorting_Algoritms.csproj", "{458F3A27-3BAD-4F42-8B7F-15419A43E72E}"
EndProject
Project("{FAE04EC0-301F-11D3-BF4B-00C04F79EFBC}") = "Lecture9Lab1_Puzzlevania", "Lecture9Lab1_Puzzlevania\Lecture9Lab1_Puzzlevania.csproj", "{84ABB951-E064-4DF7-95A0-0531A25F0DA1}"
EndProject
Project("{FAE04EC0-301F-11D3-BF4B-00C04F79EFBC}") = "Lecture9Lab2", "Lecture9Lab2\Lecture9Lab2.csproj", "{67C8E98A-C3EC-4C0B-8C65-EAAEC6A4C462}"
EndProject
Project("{FAE04EC0-301F-11D3-BF4B-00C04F79EFBC}") = "Homework9", "Homework9\Homework9.csproj", "{FAE5A6AD-74E8-41BC-9D8F-B5B09343B0F2}"
EndProject
Project("{FAE04EC0-301F-11D3-BF4B-00C04F79EFBC}") = "Lecture10Lab1", "Lecture10Lab1\Lecture10Lab1.csproj", "{C2B14053-7755-45A3-A9EB-9FF0E2C9D165}"
EndProject
Project("{FAE04EC0-301F-11D3-BF4B-00C04F79EFBC}") = "Homework10", "Homework10\Homework10.csproj", "{C6512F57-4EDB-44C5-8D12-F246C2E85D71}"
EndProject
Project("{FAE04EC0-301F-11D3-BF4B-00C04F79EFBC}") = "Lecture11Lab1", "Lecture11Lab1\Lecture11Lab1.csproj", "{65BF3DFC-865F-425C-86E7-8FCB1EB88078}"
EndProject
Project("{FAE04EC0-301F-11D3-BF4B-00C04F79EFBC}") = "Lecture11Lab2", "Lecture11Lab2\Lecture11Lab2.csproj", "{862500CF-3B4E-4F07-A003-6D74D293CAA0}"
EndProject
Project("{FAE04EC0-301F-11D3-BF4B-00C04F79EFBC}") = "Homework11", "Homework11\Homework11.csproj", "{73B739F7-6AA4-45EE-8112-91B4513A75EC}"
EndProject
Project("{FAE04EC0-301F-11D3-BF4B-00C04F79EFBC}") = "Lecture12Lab1", "Lecture12Lab1\Lecture12Lab1.csproj", "{624EFE28-8D7D-4780-96BF-83D94FE184A2}"
EndProject
Project("{FAE04EC0-301F-11D3-BF4B-00C04F79EFBC}") = "Lecture12Lab2", "Lecture12Lab2\Lecture12Lab2.csproj", "{C1100477-5966-4B43-8E1A-D40B3436505B}"
EndProject
Project("{FAE04EC0-301F-11D3-BF4B-00C04F79EFBC}") = "Homework12", "Homework12\Homework12.csproj", "{D67E8A90-ECEC-4320-ABA0-C512F00B7CD6}"
EndProject
Project("{FAE04EC0-301F-11D3-BF4B-00C04F79EFBC}") = "Homework13", "Homework13\Homework13.csproj", "{813E4918-0AF3-4689-815C-F082D0FB8BC5}"
EndProject
Global
	GlobalSection(SolutionConfigurationPlatforms) = preSolution
		Debug|Any CPU = Debug|Any CPU
		Release|Any CPU = Release|Any CPU
	EndGlobalSection
	GlobalSection(ProjectConfigurationPlatforms) = postSolution
		{D6E27F96-492C-4CCC-B4CB-858661CC4F14}.Debug|Any CPU.ActiveCfg = Debug|Any CPU
		{D6E27F96-492C-4CCC-B4CB-858661CC4F14}.Debug|Any CPU.Build.0 = Debug|Any CPU
		{D6E27F96-492C-4CCC-B4CB-858661CC4F14}.Release|Any CPU.ActiveCfg = Release|Any CPU
		{D6E27F96-492C-4CCC-B4CB-858661CC4F14}.Release|Any CPU.Build.0 = Release|Any CPU
		{A004B63F-7F74-49CC-8BC5-03B5622B7841}.Debug|Any CPU.ActiveCfg = Debug|Any CPU
		{A004B63F-7F74-49CC-8BC5-03B5622B7841}.Debug|Any CPU.Build.0 = Debug|Any CPU
		{A004B63F-7F74-49CC-8BC5-03B5622B7841}.Release|Any CPU.ActiveCfg = Release|Any CPU
		{A004B63F-7F74-49CC-8BC5-03B5622B7841}.Release|Any CPU.Build.0 = Release|Any CPU
		{87E107DE-4E78-494B-90F8-0E833F9983A7}.Debug|Any CPU.ActiveCfg = Debug|Any CPU
		{87E107DE-4E78-494B-90F8-0E833F9983A7}.Debug|Any CPU.Build.0 = Debug|Any CPU
		{87E107DE-4E78-494B-90F8-0E833F9983A7}.Release|Any CPU.ActiveCfg = Release|Any CPU
		{87E107DE-4E78-494B-90F8-0E833F9983A7}.Release|Any CPU.Build.0 = Release|Any CPU
		{5A256A53-CE18-4243-94C3-9207B80FBCAF}.Debug|Any CPU.ActiveCfg = Debug|Any CPU
		{5A256A53-CE18-4243-94C3-9207B80FBCAF}.Debug|Any CPU.Build.0 = Debug|Any CPU
		{5A256A53-CE18-4243-94C3-9207B80FBCAF}.Release|Any CPU.ActiveCfg = Release|Any CPU
		{5A256A53-CE18-4243-94C3-9207B80FBCAF}.Release|Any CPU.Build.0 = Release|Any CPU
		{96539F96-929F-40EE-941C-DFE5A146718A}.Debug|Any CPU.ActiveCfg = Debug|Any CPU
		{96539F96-929F-40EE-941C-DFE5A146718A}.Debug|Any CPU.Build.0 = Debug|Any CPU
		{96539F96-929F-40EE-941C-DFE5A146718A}.Release|Any CPU.ActiveCfg = Release|Any CPU
		{96539F96-929F-40EE-941C-DFE5A146718A}.Release|Any CPU.Build.0 = Release|Any CPU
		{7568947C-C4FF-4A7E-B690-737150CA9B4A}.Debug|Any CPU.ActiveCfg = Debug|Any CPU
		{7568947C-C4FF-4A7E-B690-737150CA9B4A}.Debug|Any CPU.Build.0 = Debug|Any CPU
		{7568947C-C4FF-4A7E-B690-737150CA9B4A}.Release|Any CPU.ActiveCfg = Release|Any CPU
		{7568947C-C4FF-4A7E-B690-737150CA9B4A}.Release|Any CPU.Build.0 = Release|Any CPU
		{C6F28493-F018-4FDD-9AE1-D6707D99C4B4}.Debug|Any CPU.ActiveCfg = Debug|Any CPU
		{C6F28493-F018-4FDD-9AE1-D6707D99C4B4}.Debug|Any CPU.Build.0 = Debug|Any CPU
		{C6F28493-F018-4FDD-9AE1-D6707D99C4B4}.Release|Any CPU.ActiveCfg = Release|Any CPU
		{C6F28493-F018-4FDD-9AE1-D6707D99C4B4}.Release|Any CPU.Build.0 = Release|Any CPU
		{8BE3FA86-4A63-461E-88CC-7ECAE700EB2F}.Debug|Any CPU.ActiveCfg = Debug|Any CPU
		{8BE3FA86-4A63-461E-88CC-7ECAE700EB2F}.Debug|Any CPU.Build.0 = Debug|Any CPU
		{8BE3FA86-4A63-461E-88CC-7ECAE700EB2F}.Release|Any CPU.ActiveCfg = Release|Any CPU
		{8BE3FA86-4A63-461E-88CC-7ECAE700EB2F}.Release|Any CPU.Build.0 = Release|Any CPU
		{8D5FE78C-DBC4-489D-950A-17044BEB310D}.Debug|Any CPU.ActiveCfg = Debug|Any CPU
		{8D5FE78C-DBC4-489D-950A-17044BEB310D}.Debug|Any CPU.Build.0 = Debug|Any CPU
		{8D5FE78C-DBC4-489D-950A-17044BEB310D}.Release|Any CPU.ActiveCfg = Release|Any CPU
		{8D5FE78C-DBC4-489D-950A-17044BEB310D}.Release|Any CPU.Build.0 = Release|Any CPU
		{3EA43691-0C37-422B-8B57-28ED832D7D28}.Debug|Any CPU.ActiveCfg = Debug|Any CPU
		{3EA43691-0C37-422B-8B57-28ED832D7D28}.Debug|Any CPU.Build.0 = Debug|Any CPU
		{3EA43691-0C37-422B-8B57-28ED832D7D28}.Release|Any CPU.ActiveCfg = Release|Any CPU
		{3EA43691-0C37-422B-8B57-28ED832D7D28}.Release|Any CPU.Build.0 = Release|Any CPU
		{B0C2BE0B-09AD-4DC1-A43F-75C6B7BE6119}.Debug|Any CPU.ActiveCfg = Debug|Any CPU
		{B0C2BE0B-09AD-4DC1-A43F-75C6B7BE6119}.Debug|Any CPU.Build.0 = Debug|Any CPU
		{B0C2BE0B-09AD-4DC1-A43F-75C6B7BE6119}.Release|Any CPU.ActiveCfg = Release|Any CPU
		{B0C2BE0B-09AD-4DC1-A43F-75C6B7BE6119}.Release|Any CPU.Build.0 = Release|Any CPU
		{1509E3B2-45BC-46FE-BCB1-4AA9A923B5CB}.Debug|Any CPU.ActiveCfg = Debug|Any CPU
		{1509E3B2-45BC-46FE-BCB1-4AA9A923B5CB}.Debug|Any CPU.Build.0 = Debug|Any CPU
		{1509E3B2-45BC-46FE-BCB1-4AA9A923B5CB}.Release|Any CPU.ActiveCfg = Release|Any CPU
		{1509E3B2-45BC-46FE-BCB1-4AA9A923B5CB}.Release|Any CPU.Build.0 = Release|Any CPU
		{D41B1498-5E39-4289-8B43-051BD104F75C}.Debug|Any CPU.ActiveCfg = Debug|Any CPU
		{D41B1498-5E39-4289-8B43-051BD104F75C}.Debug|Any CPU.Build.0 = Debug|Any CPU
		{D41B1498-5E39-4289-8B43-051BD104F75C}.Release|Any CPU.ActiveCfg = Release|Any CPU
		{D41B1498-5E39-4289-8B43-051BD104F75C}.Release|Any CPU.Build.0 = Release|Any CPU
		{E7B3BA23-7044-4068-BB80-985C043D0D09}.Debug|Any CPU.ActiveCfg = Debug|Any CPU
		{E7B3BA23-7044-4068-BB80-985C043D0D09}.Debug|Any CPU.Build.0 = Debug|Any CPU
		{E7B3BA23-7044-4068-BB80-985C043D0D09}.Release|Any CPU.ActiveCfg = Release|Any CPU
		{E7B3BA23-7044-4068-BB80-985C043D0D09}.Release|Any CPU.Build.0 = Release|Any CPU
		{43E7C3AF-C262-4D4F-81E2-23678B02D724}.Debug|Any CPU.ActiveCfg = Debug|Any CPU
		{43E7C3AF-C262-4D4F-81E2-23678B02D724}.Debug|Any CPU.Build.0 = Debug|Any CPU
		{43E7C3AF-C262-4D4F-81E2-23678B02D724}.Release|Any CPU.ActiveCfg = Release|Any CPU
		{43E7C3AF-C262-4D4F-81E2-23678B02D724}.Release|Any CPU.Build.0 = Release|Any CPU
		{E460471E-5CB6-4DBF-89A7-982C5C54D537}.Debug|Any CPU.ActiveCfg = Debug|Any CPU
		{E460471E-5CB6-4DBF-89A7-982C5C54D537}.Debug|Any CPU.Build.0 = Debug|Any CPU
		{E460471E-5CB6-4DBF-89A7-982C5C54D537}.Release|Any CPU.ActiveCfg = Release|Any CPU
		{E460471E-5CB6-4DBF-89A7-982C5C54D537}.Release|Any CPU.Build.0 = Release|Any CPU
		{E94CF882-FAFC-417D-BC07-44623B6198E9}.Debug|Any CPU.ActiveCfg = Debug|Any CPU
		{E94CF882-FAFC-417D-BC07-44623B6198E9}.Debug|Any CPU.Build.0 = Debug|Any CPU
		{E94CF882-FAFC-417D-BC07-44623B6198E9}.Release|Any CPU.ActiveCfg = Release|Any CPU
		{E94CF882-FAFC-417D-BC07-44623B6198E9}.Release|Any CPU.Build.0 = Release|Any CPU
		{0F908D7B-1903-4E40-A9BC-BD61AF163B41}.Debug|Any CPU.ActiveCfg = Debug|Any CPU
		{0F908D7B-1903-4E40-A9BC-BD61AF163B41}.Debug|Any CPU.Build.0 = Debug|Any CPU
		{0F908D7B-1903-4E40-A9BC-BD61AF163B41}.Release|Any CPU.ActiveCfg = Release|Any CPU
		{0F908D7B-1903-4E40-A9BC-BD61AF163B41}.Release|Any CPU.Build.0 = Release|Any CPU
		{606A256B-3DE2-4404-A5F6-C3F5DE89BEE7}.Debug|Any CPU.ActiveCfg = Debug|Any CPU
		{606A256B-3DE2-4404-A5F6-C3F5DE89BEE7}.Debug|Any CPU.Build.0 = Debug|Any CPU
		{606A256B-3DE2-4404-A5F6-C3F5DE89BEE7}.Release|Any CPU.ActiveCfg = Release|Any CPU
		{606A256B-3DE2-4404-A5F6-C3F5DE89BEE7}.Release|Any CPU.Build.0 = Release|Any CPU
		{2AD835C4-171C-4F9E-AF86-7E341E7A3F76}.Debug|Any CPU.ActiveCfg = Debug|Any CPU
		{2AD835C4-171C-4F9E-AF86-7E341E7A3F76}.Debug|Any CPU.Build.0 = Debug|Any CPU
		{2AD835C4-171C-4F9E-AF86-7E341E7A3F76}.Release|Any CPU.ActiveCfg = Release|Any CPU
		{2AD835C4-171C-4F9E-AF86-7E341E7A3F76}.Release|Any CPU.Build.0 = Release|Any CPU
		{F2A7E1DE-F1D8-4859-95CD-7C2F9257D4EA}.Debug|Any CPU.ActiveCfg = Debug|Any CPU
		{F2A7E1DE-F1D8-4859-95CD-7C2F9257D4EA}.Debug|Any CPU.Build.0 = Debug|Any CPU
		{F2A7E1DE-F1D8-4859-95CD-7C2F9257D4EA}.Release|Any CPU.ActiveCfg = Release|Any CPU
		{F2A7E1DE-F1D8-4859-95CD-7C2F9257D4EA}.Release|Any CPU.Build.0 = Release|Any CPU
		{5F87352D-86D1-4F52-9978-8BA31DDE618E}.Debug|Any CPU.ActiveCfg = Debug|Any CPU
		{5F87352D-86D1-4F52-9978-8BA31DDE618E}.Debug|Any CPU.Build.0 = Debug|Any CPU
		{5F87352D-86D1-4F52-9978-8BA31DDE618E}.Release|Any CPU.ActiveCfg = Release|Any CPU
		{5F87352D-86D1-4F52-9978-8BA31DDE618E}.Release|Any CPU.Build.0 = Release|Any CPU
		{2284E9EF-C6B5-4825-B74D-D5A8EA981E01}.Debug|Any CPU.ActiveCfg = Debug|Any CPU
		{2284E9EF-C6B5-4825-B74D-D5A8EA981E01}.Debug|Any CPU.Build.0 = Debug|Any CPU
		{2284E9EF-C6B5-4825-B74D-D5A8EA981E01}.Release|Any CPU.ActiveCfg = Release|Any CPU
		{2284E9EF-C6B5-4825-B74D-D5A8EA981E01}.Release|Any CPU.Build.0 = Release|Any CPU
		{524A3C38-0D74-40E7-8756-53DA98A7E1AA}.Debug|Any CPU.ActiveCfg = Debug|Any CPU
		{524A3C38-0D74-40E7-8756-53DA98A7E1AA}.Debug|Any CPU.Build.0 = Debug|Any CPU
		{524A3C38-0D74-40E7-8756-53DA98A7E1AA}.Release|Any CPU.ActiveCfg = Release|Any CPU
		{524A3C38-0D74-40E7-8756-53DA98A7E1AA}.Release|Any CPU.Build.0 = Release|Any CPU
		{09D33867-3ACB-45F1-8629-9844E1CB67A9}.Debug|Any CPU.ActiveCfg = Debug|Any CPU
		{09D33867-3ACB-45F1-8629-9844E1CB67A9}.Debug|Any CPU.Build.0 = Debug|Any CPU
		{09D33867-3ACB-45F1-8629-9844E1CB67A9}.Release|Any CPU.ActiveCfg = Release|Any CPU
		{09D33867-3ACB-45F1-8629-9844E1CB67A9}.Release|Any CPU.Build.0 = Release|Any CPU
		{A0D8379B-BD62-4AC8-A898-FD84E42FAF58}.Debug|Any CPU.ActiveCfg = Debug|Any CPU
		{A0D8379B-BD62-4AC8-A898-FD84E42FAF58}.Debug|Any CPU.Build.0 = Debug|Any CPU
		{A0D8379B-BD62-4AC8-A898-FD84E42FAF58}.Release|Any CPU.ActiveCfg = Release|Any CPU
		{A0D8379B-BD62-4AC8-A898-FD84E42FAF58}.Release|Any CPU.Build.0 = Release|Any CPU
		{431E59B3-AA4C-4C78-A6DB-2913D581F4F7}.Debug|Any CPU.ActiveCfg = Debug|Any CPU
		{431E59B3-AA4C-4C78-A6DB-2913D581F4F7}.Debug|Any CPU.Build.0 = Debug|Any CPU
		{431E59B3-AA4C-4C78-A6DB-2913D581F4F7}.Release|Any CPU.ActiveCfg = Release|Any CPU
		{431E59B3-AA4C-4C78-A6DB-2913D581F4F7}.Release|Any CPU.Build.0 = Release|Any CPU
		{4C3DC6B1-0B37-4B71-B450-56953F0308FB}.Debug|Any CPU.ActiveCfg = Debug|Any CPU
		{4C3DC6B1-0B37-4B71-B450-56953F0308FB}.Debug|Any CPU.Build.0 = Debug|Any CPU
		{4C3DC6B1-0B37-4B71-B450-56953F0308FB}.Release|Any CPU.ActiveCfg = Release|Any CPU
		{4C3DC6B1-0B37-4B71-B450-56953F0308FB}.Release|Any CPU.Build.0 = Release|Any CPU
		{556BB73E-5EB1-4807-806E-0EE82D4A17F3}.Debug|Any CPU.ActiveCfg = Debug|Any CPU
		{556BB73E-5EB1-4807-806E-0EE82D4A17F3}.Debug|Any CPU.Build.0 = Debug|Any CPU
		{556BB73E-5EB1-4807-806E-0EE82D4A17F3}.Release|Any CPU.ActiveCfg = Release|Any CPU
		{556BB73E-5EB1-4807-806E-0EE82D4A17F3}.Release|Any CPU.Build.0 = Release|Any CPU
		{D0A07C02-2AAB-4129-B336-662F16C97154}.Debug|Any CPU.ActiveCfg = Debug|Any CPU
		{D0A07C02-2AAB-4129-B336-662F16C97154}.Debug|Any CPU.Build.0 = Debug|Any CPU
		{D0A07C02-2AAB-4129-B336-662F16C97154}.Release|Any CPU.ActiveCfg = Release|Any CPU
		{D0A07C02-2AAB-4129-B336-662F16C97154}.Release|Any CPU.Build.0 = Release|Any CPU
		{EA5E6C3D-0408-4E45-BFE9-A01620D4B4FF}.Debug|Any CPU.ActiveCfg = Debug|Any CPU
		{EA5E6C3D-0408-4E45-BFE9-A01620D4B4FF}.Debug|Any CPU.Build.0 = Debug|Any CPU
		{EA5E6C3D-0408-4E45-BFE9-A01620D4B4FF}.Release|Any CPU.ActiveCfg = Release|Any CPU
		{EA5E6C3D-0408-4E45-BFE9-A01620D4B4FF}.Release|Any CPU.Build.0 = Release|Any CPU
		{7879F6F9-C4F0-46B4-8840-A52FB1AC7123}.Debug|Any CPU.ActiveCfg = Debug|Any CPU
		{7879F6F9-C4F0-46B4-8840-A52FB1AC7123}.Debug|Any CPU.Build.0 = Debug|Any CPU
		{7879F6F9-C4F0-46B4-8840-A52FB1AC7123}.Release|Any CPU.ActiveCfg = Release|Any CPU
		{7879F6F9-C4F0-46B4-8840-A52FB1AC7123}.Release|Any CPU.Build.0 = Release|Any CPU
		{2ED4844C-FE8A-4D53-90D5-F1B5F6ABF76E}.Debug|Any CPU.ActiveCfg = Debug|Any CPU
		{2ED4844C-FE8A-4D53-90D5-F1B5F6ABF76E}.Debug|Any CPU.Build.0 = Debug|Any CPU
		{2ED4844C-FE8A-4D53-90D5-F1B5F6ABF76E}.Release|Any CPU.ActiveCfg = Release|Any CPU
		{2ED4844C-FE8A-4D53-90D5-F1B5F6ABF76E}.Release|Any CPU.Build.0 = Release|Any CPU
		{0C63DE50-C5E4-4B87-96CB-2E203BED253A}.Debug|Any CPU.ActiveCfg = Debug|Any CPU
		{0C63DE50-C5E4-4B87-96CB-2E203BED253A}.Debug|Any CPU.Build.0 = Debug|Any CPU
		{0C63DE50-C5E4-4B87-96CB-2E203BED253A}.Release|Any CPU.ActiveCfg = Release|Any CPU
		{0C63DE50-C5E4-4B87-96CB-2E203BED253A}.Release|Any CPU.Build.0 = Release|Any CPU
		{98E4E5BC-C1E9-426E-B10A-CB18D13FD82C}.Debug|Any CPU.ActiveCfg = Debug|Any CPU
		{98E4E5BC-C1E9-426E-B10A-CB18D13FD82C}.Debug|Any CPU.Build.0 = Debug|Any CPU
		{98E4E5BC-C1E9-426E-B10A-CB18D13FD82C}.Release|Any CPU.ActiveCfg = Release|Any CPU
		{98E4E5BC-C1E9-426E-B10A-CB18D13FD82C}.Release|Any CPU.Build.0 = Release|Any CPU
		{458F3A27-3BAD-4F42-8B7F-15419A43E72E}.Debug|Any CPU.ActiveCfg = Debug|Any CPU
		{458F3A27-3BAD-4F42-8B7F-15419A43E72E}.Debug|Any CPU.Build.0 = Debug|Any CPU
		{458F3A27-3BAD-4F42-8B7F-15419A43E72E}.Release|Any CPU.ActiveCfg = Release|Any CPU
		{458F3A27-3BAD-4F42-8B7F-15419A43E72E}.Release|Any CPU.Build.0 = Release|Any CPU
		{84ABB951-E064-4DF7-95A0-0531A25F0DA1}.Debug|Any CPU.ActiveCfg = Debug|Any CPU
		{84ABB951-E064-4DF7-95A0-0531A25F0DA1}.Debug|Any CPU.Build.0 = Debug|Any CPU
		{84ABB951-E064-4DF7-95A0-0531A25F0DA1}.Release|Any CPU.ActiveCfg = Release|Any CPU
		{84ABB951-E064-4DF7-95A0-0531A25F0DA1}.Release|Any CPU.Build.0 = Release|Any CPU
		{67C8E98A-C3EC-4C0B-8C65-EAAEC6A4C462}.Debug|Any CPU.ActiveCfg = Debug|Any CPU
		{67C8E98A-C3EC-4C0B-8C65-EAAEC6A4C462}.Debug|Any CPU.Build.0 = Debug|Any CPU
		{67C8E98A-C3EC-4C0B-8C65-EAAEC6A4C462}.Release|Any CPU.ActiveCfg = Release|Any CPU
		{67C8E98A-C3EC-4C0B-8C65-EAAEC6A4C462}.Release|Any CPU.Build.0 = Release|Any CPU
		{FAE5A6AD-74E8-41BC-9D8F-B5B09343B0F2}.Debug|Any CPU.ActiveCfg = Debug|Any CPU
		{FAE5A6AD-74E8-41BC-9D8F-B5B09343B0F2}.Debug|Any CPU.Build.0 = Debug|Any CPU
		{FAE5A6AD-74E8-41BC-9D8F-B5B09343B0F2}.Release|Any CPU.ActiveCfg = Release|Any CPU
		{FAE5A6AD-74E8-41BC-9D8F-B5B09343B0F2}.Release|Any CPU.Build.0 = Release|Any CPU
		{C2B14053-7755-45A3-A9EB-9FF0E2C9D165}.Debug|Any CPU.ActiveCfg = Debug|Any CPU
		{C2B14053-7755-45A3-A9EB-9FF0E2C9D165}.Debug|Any CPU.Build.0 = Debug|Any CPU
		{C2B14053-7755-45A3-A9EB-9FF0E2C9D165}.Release|Any CPU.ActiveCfg = Release|Any CPU
		{C2B14053-7755-45A3-A9EB-9FF0E2C9D165}.Release|Any CPU.Build.0 = Release|Any CPU
		{C6512F57-4EDB-44C5-8D12-F246C2E85D71}.Debug|Any CPU.ActiveCfg = Debug|Any CPU
		{C6512F57-4EDB-44C5-8D12-F246C2E85D71}.Debug|Any CPU.Build.0 = Debug|Any CPU
		{C6512F57-4EDB-44C5-8D12-F246C2E85D71}.Release|Any CPU.ActiveCfg = Release|Any CPU
		{C6512F57-4EDB-44C5-8D12-F246C2E85D71}.Release|Any CPU.Build.0 = Release|Any CPU
		{65BF3DFC-865F-425C-86E7-8FCB1EB88078}.Debug|Any CPU.ActiveCfg = Debug|Any CPU
		{65BF3DFC-865F-425C-86E7-8FCB1EB88078}.Debug|Any CPU.Build.0 = Debug|Any CPU
		{65BF3DFC-865F-425C-86E7-8FCB1EB88078}.Release|Any CPU.ActiveCfg = Release|Any CPU
		{65BF3DFC-865F-425C-86E7-8FCB1EB88078}.Release|Any CPU.Build.0 = Release|Any CPU
		{862500CF-3B4E-4F07-A003-6D74D293CAA0}.Debug|Any CPU.ActiveCfg = Debug|Any CPU
		{862500CF-3B4E-4F07-A003-6D74D293CAA0}.Debug|Any CPU.Build.0 = Debug|Any CPU
		{862500CF-3B4E-4F07-A003-6D74D293CAA0}.Release|Any CPU.ActiveCfg = Release|Any CPU
		{862500CF-3B4E-4F07-A003-6D74D293CAA0}.Release|Any CPU.Build.0 = Release|Any CPU
		{73B739F7-6AA4-45EE-8112-91B4513A75EC}.Debug|Any CPU.ActiveCfg = Debug|Any CPU
		{73B739F7-6AA4-45EE-8112-91B4513A75EC}.Debug|Any CPU.Build.0 = Debug|Any CPU
		{73B739F7-6AA4-45EE-8112-91B4513A75EC}.Release|Any CPU.ActiveCfg = Release|Any CPU
		{73B739F7-6AA4-45EE-8112-91B4513A75EC}.Release|Any CPU.Build.0 = Release|Any CPU
		{624EFE28-8D7D-4780-96BF-83D94FE184A2}.Debug|Any CPU.ActiveCfg = Debug|Any CPU
		{624EFE28-8D7D-4780-96BF-83D94FE184A2}.Debug|Any CPU.Build.0 = Debug|Any CPU
		{624EFE28-8D7D-4780-96BF-83D94FE184A2}.Release|Any CPU.ActiveCfg = Release|Any CPU
		{624EFE28-8D7D-4780-96BF-83D94FE184A2}.Release|Any CPU.Build.0 = Release|Any CPU
		{C1100477-5966-4B43-8E1A-D40B3436505B}.Debug|Any CPU.ActiveCfg = Debug|Any CPU
		{C1100477-5966-4B43-8E1A-D40B3436505B}.Debug|Any CPU.Build.0 = Debug|Any CPU
		{C1100477-5966-4B43-8E1A-D40B3436505B}.Release|Any CPU.ActiveCfg = Release|Any CPU
		{C1100477-5966-4B43-8E1A-D40B3436505B}.Release|Any CPU.Build.0 = Release|Any CPU
		{D67E8A90-ECEC-4320-ABA0-C512F00B7CD6}.Debug|Any CPU.ActiveCfg = Debug|Any CPU
		{D67E8A90-ECEC-4320-ABA0-C512F00B7CD6}.Debug|Any CPU.Build.0 = Debug|Any CPU
		{D67E8A90-ECEC-4320-ABA0-C512F00B7CD6}.Release|Any CPU.ActiveCfg = Release|Any CPU
		{D67E8A90-ECEC-4320-ABA0-C512F00B7CD6}.Release|Any CPU.Build.0 = Release|Any CPU
		{813E4918-0AF3-4689-815C-F082D0FB8BC5}.Debug|Any CPU.ActiveCfg = Debug|Any CPU
		{813E4918-0AF3-4689-815C-F082D0FB8BC5}.Debug|Any CPU.Build.0 = Debug|Any CPU
		{813E4918-0AF3-4689-815C-F082D0FB8BC5}.Release|Any CPU.ActiveCfg = Release|Any CPU
		{813E4918-0AF3-4689-815C-F082D0FB8BC5}.Release|Any CPU.Build.0 = Release|Any CPU
	EndGlobalSection
	GlobalSection(SolutionProperties) = preSolution
		HideSolutionNode = FALSE
	EndGlobalSection
	GlobalSection(ExtensibilityGlobals) = postSolution
		SolutionGuid = {166133FE-372B-45C3-AF2C-A27C6F05224C}
	EndGlobalSection
EndGlobal
